
Microsoft Visual Studio Solution File, Format Version 12.00
# Visual Studio 15
VisualStudioVersion = 15.0.26430.16
MinimumVisualStudioVersion = 10.0.40219.1
Project("{F184B08F-C81C-45F6-A57F-5ABD9991F28F}") = "OlaMundo", "OlaMundo\OlaMundo.vbproj", "{C0380D4E-66E4-4D08-BF5E-01D1BBBFD6BE}"
EndProject
Project("{F184B08F-C81C-45F6-A57F-5ABD9991F28F}") = "Variaveis", "Variaveis\Variaveis.vbproj", "{6285B46E-BBFA-4B5D-9699-7F308EB6E1C7}"
EndProject
Project("{F184B08F-C81C-45F6-A57F-5ABD9991F28F}") = "CondicoesCompostas", "CondicoesCompostas\CondicoesCompostas.vbproj", "{8841AFBF-4912-4597-9C42-B287A3ABA1D3}"
EndProject
Project("{F184B08F-C81C-45F6-A57F-5ABD9991F28F}") = "CondicoesCompostas02", "EstruturaRepeticoes\CondicoesCompostas02.vbproj", "{F833FB68-B1C5-4614-AF33-BA33B43A59FA}"
EndProject
Project("{F184B08F-C81C-45F6-A57F-5ABD9991F28F}") = "EstruturasRepeticoes", "EstruturasRepeticoes\EstruturasRepeticoes.vbproj", "{635CF625-E0FD-49C3-86DE-3F6783437CC6}"
EndProject
Project("{F184B08F-C81C-45F6-A57F-5ABD9991F28F}") = "EstruturaRepeticoes2", "EstruturaRepeticoes2\EstruturaRepeticoes2.vbproj", "{E56801D5-B9F4-4F25-A0E8-A03C0071F602}"
EndProject
Project("{F184B08F-C81C-45F6-A57F-5ABD9991F28F}") = "Funcoes", "Funcoes\Funcoes.vbproj", "{4617046B-F428-427F-B52D-629138930096}"
EndProject
Project("{F184B08F-C81C-45F6-A57F-5ABD9991F28F}") = "Calculadora", "Calculadora\Calculadora.vbproj", "{9C51A7A7-75A7-4B89-8130-33737B23A315}"
EndProject
Project("{F184B08F-C81C-45F6-A57F-5ABD9991F28F}") = "Array", "Array\Array.vbproj", "{5A5361E8-0956-47A9-AA38-17AD866F9C86}"
EndProject
Global
	GlobalSection(SolutionConfigurationPlatforms) = preSolution
		Debug|Any CPU = Debug|Any CPU
		Release|Any CPU = Release|Any CPU
	EndGlobalSection
	GlobalSection(ProjectConfigurationPlatforms) = postSolution
		{C0380D4E-66E4-4D08-BF5E-01D1BBBFD6BE}.Debug|Any CPU.ActiveCfg = Debug|Any CPU
		{C0380D4E-66E4-4D08-BF5E-01D1BBBFD6BE}.Debug|Any CPU.Build.0 = Debug|Any CPU
		{C0380D4E-66E4-4D08-BF5E-01D1BBBFD6BE}.Release|Any CPU.ActiveCfg = Release|Any CPU
		{C0380D4E-66E4-4D08-BF5E-01D1BBBFD6BE}.Release|Any CPU.Build.0 = Release|Any CPU
		{6285B46E-BBFA-4B5D-9699-7F308EB6E1C7}.Debug|Any CPU.ActiveCfg = Debug|Any CPU
		{6285B46E-BBFA-4B5D-9699-7F308EB6E1C7}.Debug|Any CPU.Build.0 = Debug|Any CPU
		{6285B46E-BBFA-4B5D-9699-7F308EB6E1C7}.Release|Any CPU.ActiveCfg = Release|Any CPU
		{6285B46E-BBFA-4B5D-9699-7F308EB6E1C7}.Release|Any CPU.Build.0 = Release|Any CPU
		{8841AFBF-4912-4597-9C42-B287A3ABA1D3}.Debug|Any CPU.ActiveCfg = Debug|Any CPU
		{8841AFBF-4912-4597-9C42-B287A3ABA1D3}.Debug|Any CPU.Build.0 = Debug|Any CPU
		{8841AFBF-4912-4597-9C42-B287A3ABA1D3}.Release|Any CPU.ActiveCfg = Release|Any CPU
		{8841AFBF-4912-4597-9C42-B287A3ABA1D3}.Release|Any CPU.Build.0 = Release|Any CPU
		{F833FB68-B1C5-4614-AF33-BA33B43A59FA}.Debug|Any CPU.ActiveCfg = Debug|Any CPU
		{F833FB68-B1C5-4614-AF33-BA33B43A59FA}.Debug|Any CPU.Build.0 = Debug|Any CPU
		{F833FB68-B1C5-4614-AF33-BA33B43A59FA}.Release|Any CPU.ActiveCfg = Release|Any CPU
		{F833FB68-B1C5-4614-AF33-BA33B43A59FA}.Release|Any CPU.Build.0 = Release|Any CPU
		{635CF625-E0FD-49C3-86DE-3F6783437CC6}.Debug|Any CPU.ActiveCfg = Debug|Any CPU
		{635CF625-E0FD-49C3-86DE-3F6783437CC6}.Debug|Any CPU.Build.0 = Debug|Any CPU
		{635CF625-E0FD-49C3-86DE-3F6783437CC6}.Release|Any CPU.ActiveCfg = Release|Any CPU
		{635CF625-E0FD-49C3-86DE-3F6783437CC6}.Release|Any CPU.Build.0 = Release|Any CPU
		{E56801D5-B9F4-4F25-A0E8-A03C0071F602}.Debug|Any CPU.ActiveCfg = Debug|Any CPU
		{E56801D5-B9F4-4F25-A0E8-A03C0071F602}.Debug|Any CPU.Build.0 = Debug|Any CPU
		{E56801D5-B9F4-4F25-A0E8-A03C0071F602}.Release|Any CPU.ActiveCfg = Release|Any CPU
		{E56801D5-B9F4-4F25-A0E8-A03C0071F602}.Release|Any CPU.Build.0 = Release|Any CPU
		{4617046B-F428-427F-B52D-629138930096}.Debug|Any CPU.ActiveCfg = Debug|Any CPU
		{4617046B-F428-427F-B52D-629138930096}.Debug|Any CPU.Build.0 = Debug|Any CPU
		{4617046B-F428-427F-B52D-629138930096}.Release|Any CPU.ActiveCfg = Release|Any CPU
		{4617046B-F428-427F-B52D-629138930096}.Release|Any CPU.Build.0 = Release|Any CPU
		{9C51A7A7-75A7-4B89-8130-33737B23A315}.Debug|Any CPU.ActiveCfg = Debug|Any CPU
		{9C51A7A7-75A7-4B89-8130-33737B23A315}.Debug|Any CPU.Build.0 = Debug|Any CPU
		{9C51A7A7-75A7-4B89-8130-33737B23A315}.Release|Any CPU.ActiveCfg = Release|Any CPU
		{9C51A7A7-75A7-4B89-8130-33737B23A315}.Release|Any CPU.Build.0 = Release|Any CPU
		{5A5361E8-0956-47A9-AA38-17AD866F9C86}.Debug|Any CPU.ActiveCfg = Debug|Any CPU
		{5A5361E8-0956-47A9-AA38-17AD866F9C86}.Debug|Any CPU.Build.0 = Debug|Any CPU
		{5A5361E8-0956-47A9-AA38-17AD866F9C86}.Release|Any CPU.ActiveCfg = Release|Any CPU
		{5A5361E8-0956-47A9-AA38-17AD866F9C86}.Release|Any CPU.Build.0 = Release|Any CPU
	EndGlobalSection
	GlobalSection(SolutionProperties) = preSolution
		HideSolutionNode = FALSE
	EndGlobalSection
EndGlobal
